PODS:
  - connectivity (0.0.1):
    - Flutter
    - Reachability
  - connectivity_macos (0.0.1):
    - Flutter
  - Flutter (1.0.0)
  - flutter_device_locale (0.0.1):
    - Flutter
  - flutter_local_notifications (0.0.1):
    - Flutter
  - FMDB (2.7.5):
    - FMDB/standard (= 2.7.5)
  - FMDB/standard (2.7.5)
  - just_audio (0.0.1):
    - Flutter
  - launch_review (0.0.1):
    - Flutter
  - path_provider (0.0.1):
    - Flutter
  - path_provider_macos (0.0.1):
    - Flutter
  - Reachability (3.2)
  - share (0.5.2):
    - Flutter
  - shared_preferences (0.0.1):
    - Flutter
  - shared_preferences_macos (0.0.1):
    - Flutter
  - shared_preferences_web (0.0.1):
    - Flutter
  - sqflite (0.0.1):
    - Flutter
    - FMDB (~> 2.7.2)
  - url_launcher (0.0.1):
    - Flutter
  - url_launcher_macos (0.0.1):
    - Flutter
  - url_launcher_web (0.0.1):
    - Flutter
  - video_player (0.0.1):
    - Flutter
  - video_player_web (0.0.1):
    - Flutter
  - wakelock (0.0.1):
    - Flutter
  - webview_flutter (0.0.1):
    - Flutter

DEPENDENCIES:
  - connectivity (from `.symlinks/plugins/connectivity/ios`)
  - connectivity_macos (from `.symlinks/plugins/connectivity_macos/ios`)
  - Flutter (from `Flutter`)
  - flutter_device_locale (from `.symlinks/plugins/flutter_device_locale/ios`)
  - flutter_local_notifications (from `.symlinks/plugins/flutter_local_notifications/ios`)
  - just_audio (from `.symlinks/plugins/just_audio/ios`)
  - launch_review (from `.symlinks/plugins/launch_review/ios`)
  - path_provider (from `.symlinks/plugins/path_provider/ios`)
  - path_provider_macos (from `.symlinks/plugins/path_provider_macos/ios`)
  - share (from `.symlinks/plugins/share/ios`)
  - shared_preferences (from `.symlinks/plugins/shared_preferences/ios`)
  - shared_preferences_macos (from `.symlinks/plugins/shared_preferences_macos/ios`)
  - shared_preferences_web (from `.symlinks/plugins/shared_preferences_web/ios`)
  - sqflite (from `.symlinks/plugins/sqflite/ios`)
  - url_launcher (from `.symlinks/plugins/url_launcher/ios`)
  - url_launcher_macos (from `.symlinks/plugins/url_launcher_macos/ios`)
  - url_launcher_web (from `.symlinks/plugins/url_launcher_web/ios`)
  - video_player (from `.symlinks/plugins/video_player/ios`)
  - video_player_web (from `.symlinks/plugins/video_player_web/ios`)
  - wakelock (from `.symlinks/plugins/wakelock/ios`)
  - webview_flutter (from `.symlinks/plugins/webview_flutter/ios`)

SPEC REPOS:
  https://github.com/CocoaPods/Specs.git:
    - FMDB
    - Reachability

EXTERNAL SOURCES:
  connectivity:
    :path: ".symlinks/plugins/connectivity/ios"
  connectivity_macos:
    :path: ".symlinks/plugins/connectivity_macos/ios"
  Flutter:
    :path: Flutter
  flutter_device_locale:
    :path: ".symlinks/plugins/flutter_device_locale/ios"
  flutter_local_notifications:
    :path: ".symlinks/plugins/flutter_local_notifications/ios"
  just_audio:
    :path: ".symlinks/plugins/just_audio/ios"
  launch_review:
    :path: ".symlinks/plugins/launch_review/ios"
  path_provider:
    :path: ".symlinks/plugins/path_provider/ios"
  path_provider_macos:
    :path: ".symlinks/plugins/path_provider_macos/ios"
  share:
    :path: ".symlinks/plugins/share/ios"
  shared_preferences:
    :path: ".symlinks/plugins/shared_preferences/ios"
  shared_preferences_macos:
    :path: ".symlinks/plugins/shared_preferences_macos/ios"
  shared_preferences_web:
    :path: ".symlinks/plugins/shared_preferences_web/ios"
  sqflite:
    :path: ".symlinks/plugins/sqflite/ios"
  url_launcher:
    :path: ".symlinks/plugins/url_launcher/ios"
  url_launcher_macos:
    :path: ".symlinks/plugins/url_launcher_macos/ios"
  url_launcher_web:
    :path: ".symlinks/plugins/url_launcher_web/ios"
  video_player:
    :path: ".symlinks/plugins/video_player/ios"
  video_player_web:
    :path: ".symlinks/plugins/video_player_web/ios"
  wakelock:
    :path: ".symlinks/plugins/wakelock/ios"
  webview_flutter:
    :path: ".symlinks/plugins/webview_flutter/ios"

SPEC CHECKSUMS:
  connectivity: 6e94255659cc86dcbef1d452ad3e0491bb1b3e75
  connectivity_macos: e2e9731b6b22dda39eb1b128f6969d574460e191
  Flutter: 0e3d915762c693b495b44d77113d4970485de6ec
  flutter_device_locale: bd88cfdfdcae58b2a9d5ec05389fd99631c9dca7
  flutter_local_notifications: 9e4738ce2471c5af910d961a6b7eadcf57c50186
  FMDB: 2ce00b547f966261cd18927a3ddb07cb6f3db82a
  just_audio: c695d6e7e37f9e96672dd84039d7530e7fd5c205
  launch_review: 75d5a956ba8eaa493e9c9d4bf4c05e505e8d5ed0
  path_provider: fb74bd0465e96b594bb3b5088ee4a4e7bb1f2a9d
  path_provider_macos: f760a3c5b04357c380e2fddb6f9db6f3015897e0
  Reachability: 33e18b67625424e47b6cde6d202dce689ad7af96
  share: bae0a282aab4483288913fc4dc0b935d4b491f2e
  shared_preferences: 430726339841afefe5142b9c1f50cb6bd7793e01
  shared_preferences_macos: f3f29b71ccbb56bf40c9dd6396c9acf15e214087
  shared_preferences_web: 141cce0c3ed1a1c5bf2a0e44f52d31eeb66e5ea9
  sqflite: 4001a31ff81d210346b500c55b17f4d6c7589dd0
  url_launcher: a1c0cc845906122c4784c542523d8cacbded5626
  url_launcher_macos: fd7894421cd39320dce5f292fc99ea9270b2a313
  url_launcher_web: e5527357f037c87560776e36436bf2b0288b965c
  video_player: 69c5f029fac4ffe4fc8a85ea7f7b793709661549
  video_player_web: da8cadb8274ed4f8dbee8d7171b420dedd437ce7
  wakelock: bd3dcc6a8bcf53a1c0309780ff192dcee67c6ccb
  webview_flutter: bec7599de6bfbe8008a739aa3ebd7b364ea9d0cd

PODFILE CHECKSUM: 083258d7f5e80b42ea9bfee905fe93049bc04c64

COCOAPODS: 1.8.4
